
Microsoft Visual Studio Solution File, Format Version 12.00
# Visual Studio 14
VisualStudioVersion = 14.0.25420.1
MinimumVisualStudioVersion = 10.0.40219.1
Project("{FAE04EC0-301F-11D3-BF4B-00C04F79EFBC}") = "MonthlyReport", "MonthlyReport\MonthlyReport.csproj", "{233B1132-B528-48CF-9A90-1801D6651E95}"
EndProject
Global
	GlobalSection(SolutionConfigurationPlatforms) = preSolution
		Debug|Any CPU = Debug|Any CPU
		Release|Any CPU = Release|Any CPU
	EndGlobalSection
	GlobalSection(ProjectConfigurationPlatforms) = postSolution
		{233B1132-B528-48CF-9A90-1801D6651E95}.Debug|Any CPU.ActiveCfg = Debug|Any CPU
		{233B1132-B528-48CF-9A90-1801D6651E95}.Debug|Any CPU.Build.0 = Debug|Any CPU
		{233B1132-B528-48CF-9A90-1801D6651E95}.Release|Any CPU.ActiveCfg = Release|Any CPU
		{233B1132-B528-48CF-9A90-1801D6651E95}.Release|Any CPU.Build.0 = Release|Any CPU
	EndGlobalSection
	GlobalSection(SolutionProperties) = preSolution
		HideSolutionNode = FALSE
	EndGlobalSection
EndGlobal
